
Microsoft Visual Studio Solution File, Format Version 11.00
# Visual Studio 2010
Project("{888888A0-9F3D-457C-B088-3A5042F75D52}") = "Mongoose", "Mongoose\Mongoose.pyproj", "{A63EE7E0-2127-4DA5-90AD-5E724A3C25F6}"
EndProject
Global
	GlobalSection(SolutionConfigurationPlatforms) = preSolution
		Debug|Any CPU = Debug|Any CPU
		Release|Any CPU = Release|Any CPU
	EndGlobalSection
	GlobalSection(ProjectConfigurationPlatforms) = postSolution
		{A63EE7E0-2127-4DA5-90AD-5E724A3C25F6}.Debug|Any CPU.ActiveCfg = Debug|Any CPU
		{A63EE7E0-2127-4DA5-90AD-5E724A3C25F6}.Release|Any CPU.ActiveCfg = Release|Any CPU
	EndGlobalSection
	GlobalSection(SolutionProperties) = preSolution
		HideSolutionNode = FALSE
	EndGlobalSection
EndGlobal
